
Microsoft Visual Studio Solution File, Format Version 11.00
# Visual Studio 2010
Project("{FAE04EC0-301F-11D3-BF4B-00C04F79EFBC}") = "Assembly-CSharp", "Assembly-CSharp.csproj", "{10B2715F-436C-FC51-928F-35FF1DE97A06}"
EndProject
Project("{FAE04EC0-301F-11D3-BF4B-00C04F79EFBC}") = "Assembly-CSharp-Editor", "Assembly-CSharp-Editor.csproj", "{E70CAB4F-83DB-6D5C-5C5A-5E6B502ACA72}"
EndProject
Global
	GlobalSection(SolutionConfigurationPlatforms) = preSolution
		Debug|Any CPU = Debug|Any CPU
		Release|Any CPU = Release|Any CPU
	EndGlobalSection
	GlobalSection(ProjectConfigurationPlatforms) = postSolution
		{10B2715F-436C-FC51-928F-35FF1DE97A06}.Debug|Any CPU.ActiveCfg = Debug|Any CPU
		{10B2715F-436C-FC51-928F-35FF1DE97A06}.Debug|Any CPU.Build.0 = Debug|Any CPU
		{10B2715F-436C-FC51-928F-35FF1DE97A06}.Release|Any CPU.ActiveCfg = Release|Any CPU
		{10B2715F-436C-FC51-928F-35FF1DE97A06}.Release|Any CPU.Build.0 = Release|Any CPU
		{E70CAB4F-83DB-6D5C-5C5A-5E6B502ACA72}.Debug|Any CPU.ActiveCfg = Debug|Any CPU
		{E70CAB4F-83DB-6D5C-5C5A-5E6B502ACA72}.Debug|Any CPU.Build.0 = Debug|Any CPU
		{E70CAB4F-83DB-6D5C-5C5A-5E6B502ACA72}.Release|Any CPU.ActiveCfg = Release|Any CPU
		{E70CAB4F-83DB-6D5C-5C5A-5E6B502ACA72}.Release|Any CPU.Build.0 = Release|Any CPU
	EndGlobalSection
	GlobalSection(SolutionProperties) = preSolution
		HideSolutionNode = FALSE
	EndGlobalSection
	GlobalSection(MonoDevelopProperties) = preSolution
		StartupItem = Assembly-CSharp.csproj
	EndGlobalSection
EndGlobal
